
Microsoft Visual Studio Solution File, Format Version 9.00
# Visual Studio 2005
Project("{8BC9CEB8-8B4A-11D0-8D11-00A0C91BC942}") = "base64", "base64.vcproj", "{7CAD28A8-1DEE-43DE-85C8-19903F8A2D5A}"
EndProject
Global
	GlobalSection(SolutionConfigurationPlatforms) = preSolution
		Debug|Win32 = Debug|Win32
		Release|Win32 = Release|Win32
	EndGlobalSection
	GlobalSection(ProjectConfigurationPlatforms) = postSolution
		{7CAD28A8-1DEE-43DE-85C8-19903F8A2D5A}.Debug|Win32.ActiveCfg = Debug|Win32
		{7CAD28A8-1DEE-43DE-85C8-19903F8A2D5A}.Debug|Win32.Build.0 = Debug|Win32
		{7CAD28A8-1DEE-43DE-85C8-19903F8A2D5A}.Release|Win32.ActiveCfg = Release|Win32
		{7CAD28A8-1DEE-43DE-85C8-19903F8A2D5A}.Release|Win32.Build.0 = Release|Win32
	EndGlobalSection
	GlobalSection(SolutionProperties) = preSolution
		HideSolutionNode = FALSE
	EndGlobalSection
EndGlobal
