// !$*UTF8*$!
{
	archiveVersion = 1;
	classes = {
	};
	objectVersion = 45;
	objects = {

/* Begin PBXBuildFile section */
		0439A6430F1DB225000825AC /* hBmpFile.cpp in Sources */ = {isa = PBXBuildFile; fileRef = 0439A63B0F1DB225000825AC /* hBmpFile.cpp */; };
		0439A6440F1DB225000825AC /* hPixels32.cpp in Sources */ = {isa = PBXBuildFile; fileRef = 0439A63F0F1DB225000825AC /* hPixels32.cpp */; };
		0439A6450F1DB225000825AC /* hStream.cpp in Sources */ = {isa = PBXBuildFile; fileRef = 0439A6410F1DB225000825AC /* hStream.cpp */; };
		0439A6470F1DB233000825AC /* ColorToGray.cpp in Sources */ = {isa = PBXBuildFile; fileRef = 0439A6460F1DB233000825AC /* ColorToGray.cpp */; };
/* End PBXBuildFile section */

/* Begin PBXCopyFilesBuildPhase section */
		8DD76F690486A84900D96B5E /* CopyFiles */ = {
			isa = PBXCopyFilesBuildPhase;
			buildActionMask = 8;
			dstPath = /usr/share/man/man1/;
			dstSubfolderSpec = 0;
			files = (
			);
			runOnlyForDeploymentPostprocessing = 1;
		};
/* End PBXCopyFilesBuildPhase section */

/* Begin PBXFileReference section */
		0439A63B0F1DB225000825AC /* hBmpFile.cpp */ = {isa = PBXFileReference; fileEncoding = 2147483673; lastKnownFileType = sourcecode.cpp.cpp; path = hBmpFile.cpp; sourceTree = "<group>"; };
		0439A63C0F1DB225000825AC /* hBmpFile.h */ = {isa = PBXFileReference; fileEncoding = 2147483673; lastKnownFileType = sourcecode.c.h; path = hBmpFile.h; sourceTree = "<group>"; };
		0439A63D0F1DB225000825AC /* hColor32.h */ = {isa = PBXFileReference; fileEncoding = 2147483673; lastKnownFileType = sourcecode.c.h; path = hColor32.h; sourceTree = "<group>"; };
		0439A63E0F1DB225000825AC /* hGraphic32.h */ = {isa = PBXFileReference; fileEncoding = 2147483673; lastKnownFileType = sourcecode.c.h; path = hGraphic32.h; sourceTree = "<group>"; };
		0439A63F0F1DB225000825AC /* hPixels32.cpp */ = {isa = PBXFileReference; fileEncoding = 2147483673; lastKnownFileType = sourcecode.cpp.cpp; path = hPixels32.cpp; sourceTree = "<group>"; };
		0439A6400F1DB225000825AC /* hPixels32.h */ = {isa = PBXFileReference; fileEncoding = 2147483673; lastKnownFileType = sourcecode.c.h; path = hPixels32.h; sourceTree = "<group>"; };
		0439A6410F1DB225000825AC /* hStream.cpp */ = {isa = PBXFileReference; fileEncoding = 2147483673; lastKnownFileType = sourcecode.cpp.cpp; path = hStream.cpp; sourceTree = "<group>"; };
		0439A6420F1DB225000825AC /* hStream.h */ = {isa = PBXFileReference; fileEncoding = 2147483673; lastKnownFileType = sourcecode.c.h; path = hStream.h; sourceTree = "<group>"; };
		0439A6460F1DB233000825AC /* ColorToGray.cpp */ = {isa = PBXFileReference; explicitFileType = sourcecode.cpp.cpp; fileEncoding = 2147483673; name = ColorToGray.cpp; path = ../ColorToGray.cpp; sourceTree = SOURCE_ROOT; };
		8DD76F6C0486A84900D96B5E /* ColorToGray */ = {isa = PBXFileReference; explicitFileType = "compiled.mach-o.executable"; includeInIndex = 0; path = ColorToGray; sourceTree = BUILT_PRODUCTS_DIR; };
/* End PBXFileReference section */

/* Begin PBXFrameworksBuildPhase section */
		8DD76F660486A84900D96B5E /* Frameworks */ = {
			isa = PBXFrameworksBuildPhase;
			buildActionMask = 2147483647;
			files = (
			);
			runOnlyForDeploymentPostprocessing = 0;
		};
/* End PBXFrameworksBuildPhase section */

/* Begin PBXGroup section */
		0439A63A0F1DB225000825AC /* hGraphic32 */ = {
			isa = PBXGroup;
			children = (
				0439A63B0F1DB225000825AC /* hBmpFile.cpp */,
				0439A63C0F1DB225000825AC /* hBmpFile.h */,
				0439A63D0F1DB225000825AC /* hColor32.h */,
				0439A63E0F1DB225000825AC /* hGraphic32.h */,
				0439A63F0F1DB225000825AC /* hPixels32.cpp */,
				0439A6400F1DB225000825AC /* hPixels32.h */,
				0439A6410F1DB225000825AC /* hStream.cpp */,
				0439A6420F1DB225000825AC /* hStream.h */,
			);
			name = hGraphic32;
			path = ../../hGraphic32;
			sourceTree = SOURCE_ROOT;
		};
		08FB7794FE84155DC02AAC07 /* ColorToGray */ = {
			isa = PBXGroup;
			children = (
				08FB7795FE84155DC02AAC07 /* Source */,
				1AB674ADFE9D54B511CA2CBB /* Products */,
			);
			name = ColorToGray;
			sourceTree = "<group>";
		};
		08FB7795FE84155DC02AAC07 /* Source */ = {
			isa = PBXGroup;
			children = (
				0439A6460F1DB233000825AC /* ColorToGray.cpp */,
				0439A63A0F1DB225000825AC /* hGraphic32 */,
			);
			name = Source;
			sourceTree = "<group>";
		};
		1AB674ADFE9D54B511CA2CBB /* Products */ = {
			isa = PBXGroup;
			children = (
				8DD76F6C0486A84900D96B5E /* ColorToGray */,
			);
			name = Products;
			sourceTree = "<group>";
		};
/* End PBXGroup section */

/* Begin PBXNativeTarget section */
		8DD76F620486A84900D96B5E /* ColorToGray */ = {
			isa = PBXNativeTarget;
			buildConfigurationList = 1DEB923108733DC60010E9CD /* Build configuration list for PBXNativeTarget "ColorToGray" */;
			buildPhases = (
				8DD76F640486A84900D96B5E /* Sources */,
				8DD76F660486A84900D96B5E /* Frameworks */,
				8DD76F690486A84900D96B5E /* CopyFiles */,
			);
			buildRules = (
			);
			dependencies = (
			);
			name = ColorToGray;
			productInstallPath = "$(HOME)/bin";
			productName = ColorToGray;
			productReference = 8DD76F6C0486A84900D96B5E /* ColorToGray */;
			productType = "com.apple.product-type.tool";
		};
/* End PBXNativeTarget section */

/* Begin PBXProject section */
		08FB7793FE84155DC02AAC07 /* Project object */ = {
			isa = PBXProject;
			buildConfigurationList = 1DEB923508733DC60010E9CD /* Build configuration list for PBXProject "ColorToGray" */;
			compatibilityVersion = "Xcode 3.1";
			hasScannedForEncodings = 1;
			mainGroup = 08FB7794FE84155DC02AAC07 /* ColorToGray */;
			projectDirPath = "";
			projectRoot = "";
			targets = (
				8DD76F620486A84900D96B5E /* ColorToGray */,
			);
		};
/* End PBXProject section */

/* Begin PBXSourcesBuildPhase section */
		8DD76F640486A84900D96B5E /* Sources */ = {
			isa = PBXSourcesBuildPhase;
			buildActionMask = 2147483647;
			files = (
				0439A6430F1DB225000825AC /* hBmpFile.cpp in Sources */,
				0439A6440F1DB225000825AC /* hPixels32.cpp in Sources */,
				0439A6450F1DB225000825AC /* hStream.cpp in Sources */,
				0439A6470F1DB233000825AC /* ColorToGray.cpp in Sources */,
			);
			runOnlyForDeploymentPostprocessing = 0;
		};
/* End PBXSourcesBuildPhase section */

/* Begin XCBuildConfiguration section */
		1DEB923208733DC60010E9CD /* Debug */ = {
			isa = XCBuildConfiguration;
			buildSettings = {
				ALWAYS_SEARCH_USER_PATHS = NO;
				COPY_PHASE_STRIP = NO;
				GCC_DYNAMIC_NO_PIC = NO;
				GCC_ENABLE_FIX_AND_CONTINUE = YES;
				GCC_MODEL_TUNING = G5;
				GCC_OPTIMIZATION_LEVEL = 0;
				GCC_PREPROCESSOR_DEFINITIONS = (
					"_GLIBCXX_DEBUG=1",
					"_GLIBCXX_DEBUG_PEDANTIC=1",
				);
				INSTALL_PATH = /usr/local/bin;
				PRODUCT_NAME = ColorToGray;
			};
			name = Debug;
		};
		1DEB923308733DC60010E9CD /* Release */ = {
			isa = XCBuildConfiguration;
			buildSettings = {
				ALWAYS_SEARCH_USER_PATHS = NO;
				DEBUG_INFORMATION_FORMAT = "dwarf-with-dsym";
				GCC_MODEL_TUNING = G5;
				INSTALL_PATH = /usr/local/bin;
				PRODUCT_NAME = ColorToGray;
			};
			name = Release;
		};
		1DEB923608733DC60010E9CD /* Debug */ = {
			isa = XCBuildConfiguration;
			buildSettings = {
				ARCHS = "$(ARCHS_STANDARD_32_BIT)";
				GCC_C_LANGUAGE_STANDARD = c99;
				GCC_OPTIMIZATION_LEVEL = 0;
				GCC_WARN_ABOUT_RETURN_TYPE = YES;
				GCC_WARN_UNUSED_VARIABLE = YES;
				ONLY_ACTIVE_ARCH = YES;
				PREBINDING = NO;
				SDKROOT = macosx10.5;
			};
			name = Debug;
		};
		1DEB923708733DC60010E9CD /* Release */ = {
			isa = XCBuildConfiguration;
			buildSettings = {
				ARCHS = "$(ARCHS_STANDARD_32_BIT)";
				CONFIGURATION_BUILD_DIR = ../;
				GCC_C_LANGUAGE_STANDARD = c99;
				GCC_OPTIMIZATION_LEVEL = 3;
				GCC_WARN_ABOUT_RETURN_TYPE = YES;
				GCC_WARN_UNUSED_VARIABLE = YES;
				PREBINDING = NO;
				SDKROOT = macosx10.5;
				STRINGS_FILE_OUTPUT_ENCODING = binary;
			};
			name = Release;
		};
/* End XCBuildConfiguration section */

/* Begin XCConfigurationList section */
		1DEB923108733DC60010E9CD /* Build configuration list for PBXNativeTarget "ColorToGray" */ = {
			isa = XCConfigurationList;
			buildConfigurations = (
				1DEB923208733DC60010E9CD /* Debug */,
				1DEB923308733DC60010E9CD /* Release */,
			);
			defaultConfigurationIsVisible = 0;
			defaultConfigurationName = Release;
		};
		1DEB923508733DC60010E9CD /* Build configuration list for PBXProject "ColorToGray" */ = {
			isa = XCConfigurationList;
			buildConfigurations = (
				1DEB923608733DC60010E9CD /* Debug */,
				1DEB923708733DC60010E9CD /* Release */,
			);
			defaultConfigurationIsVisible = 0;
			defaultConfigurationName = Release;
		};
/* End XCConfigurationList section */
	};
	rootObject = 08FB7793FE84155DC02AAC07 /* Project object */;
}
